# This file was autogenerated by Stack.
# You should not edit this file by hand.
# For more information, please see the documentation at:
#   https://docs.haskellstack.org/en/stable/lock_files

packages:
- completed:
    hackage: galois-field-1.0.0@sha256:d44007898c07a6c913a38f78e7246c7785ae3052ca55ad713783345d06a28419,3470
    pantry-tree:
      size: 1444
      sha256: 1b265e1c3062a06a48a535c1681a954c26bee5959a42e97fc0e4fd8b5a90849f
  original:
    hackage: galois-field-1.0.0
- completed:
    hackage: poly-0.3.2.0@sha256:58492507d2bfb74c2d45c34a61438153f3a5cfb658154a7a504cf4397eb39d6d,2028
    pantry-tree:
      size: 1451
      sha256: fbd14e37c925471ae2eebf81b44f007a629f092e2754c2b3fe1045df6d4c4844
  original:
    hackage: poly-0.3.2.0
- completed:
    hackage: semirings-0.5.1@sha256:597e4070dcb75c3e347566114e140ba343843f80f3e16a456bb2e9e9d1d09430,3743
    pantry-tree:
      size: 610
      sha256: cc4e01176f1a56c97dc923416a6939dcdc004584cccf8a2b1c67bd156b31179a
  original:
    hackage: semirings-0.5.1
snapshots:
- completed:
    size: 498398
    url: https://raw.githubusercontent.com/commercialhaskell/stackage-snapshots/master/lts/13/23.yaml
    sha256: 63151ca76f39d5cfbd266ce019236459fdda53fbefd2200aedeb33bcc81f808e
  original: lts-13.23
